
Microsoft Visual Studio Solution File, Format Version 12.00
# Visual Studio Version 17
VisualStudioVersion = 17.0.31903.59
MinimumVisualStudioVersion = 10.0.40219.1
Project("{2150E333-8FDC-42A3-9474-1A3956D46DE8}") = "frontend", "frontend", "{CE609670-85B9-0D16-FB54-ED063D5D8A6D}"
EndProject
Project("{FAE04EC0-301F-11D3-BF4B-00C04F79EFBC}") = "StudyMind.App", "frontend\StudyMind.App\StudyMind.App.csproj", "{BCD84CE2-BD8E-48A2-BD1C-3A6AE7F18705}"
EndProject
Global
	GlobalSection(SolutionConfigurationPlatforms) = preSolution
		Debug|Any CPU = Debug|Any CPU
		Debug|x64 = Debug|x64
		Debug|x86 = Debug|x86
		Release|Any CPU = Release|Any CPU
		Release|x64 = Release|x64
		Release|x86 = Release|x86
	EndGlobalSection
	GlobalSection(ProjectConfigurationPlatforms) = postSolution
		{BCD84CE2-BD8E-48A2-BD1C-3A6AE7F18705}.Debug|Any CPU.ActiveCfg = Debug|x64
		{BCD84CE2-BD8E-48A2-BD1C-3A6AE7F18705}.Debug|Any CPU.Build.0 = Debug|x64
		{BCD84CE2-BD8E-48A2-BD1C-3A6AE7F18705}.Debug|x64.ActiveCfg = Debug|x64
		{BCD84CE2-BD8E-48A2-BD1C-3A6AE7F18705}.Debug|x64.Build.0 = Debug|x64
		{BCD84CE2-BD8E-48A2-BD1C-3A6AE7F18705}.Debug|x86.ActiveCfg = Debug|x86
		{BCD84CE2-BD8E-48A2-BD1C-3A6AE7F18705}.Debug|x86.Build.0 = Debug|x86
		{BCD84CE2-BD8E-48A2-BD1C-3A6AE7F18705}.Release|Any CPU.ActiveCfg = Release|x64
		{BCD84CE2-BD8E-48A2-BD1C-3A6AE7F18705}.Release|Any CPU.Build.0 = Release|x64
		{BCD84CE2-BD8E-48A2-BD1C-3A6AE7F18705}.Release|x64.ActiveCfg = Release|x64
		{BCD84CE2-BD8E-48A2-BD1C-3A6AE7F18705}.Release|x64.Build.0 = Release|x64
		{BCD84CE2-BD8E-48A2-BD1C-3A6AE7F18705}.Release|x86.ActiveCfg = Release|x86
		{BCD84CE2-BD8E-48A2-BD1C-3A6AE7F18705}.Release|x86.Build.0 = Release|x86
	EndGlobalSection
	GlobalSection(SolutionProperties) = preSolution
		HideSolutionNode = FALSE
	EndGlobalSection
	GlobalSection(NestedProjects) = preSolution
		{BCD84CE2-BD8E-48A2-BD1C-3A6AE7F18705} = {CE609670-85B9-0D16-FB54-ED063D5D8A6D}
	EndGlobalSection
EndGlobal
